// !$*UTF8*$!
{
	archiveVersion = 1;
	classes = {
	};
	objectVersion = 51;
	objects = {

/* Begin PBXBuildFile section */
		134A1DF826D9EA2700248E6E /* ServiceConfigurationTests.swift in Sources */ = {isa = PBXBuildFile; fileRef = 134A1DF726D9EA2700248E6E /* ServiceConfigurationTests.swift */; };
		134A1DFA26D9EB3D00248E6E /* ExploreServiceImplementation.swift in Sources */ = {isa = PBXBuildFile; fileRef = 134A1DF926D9EB3D00248E6E /* ExploreServiceImplementation.swift */; };
		134A1DFC26D9EE3400248E6E /* Result+Extension.swift in Sources */ = {isa = PBXBuildFile; fileRef = 134A1DFB26D9EE3400248E6E /* Result+Extension.swift */; };
		1368620026D9645500C26029 /* CardDetailsViewController.swift in Sources */ = {isa = PBXBuildFile; fileRef = 136861FF26D9645500C26029 /* CardDetailsViewController.swift */; };
		1368620226D964F200C26029 /* CardDetailsViewModel.swift in Sources */ = {isa = PBXBuildFile; fileRef = 1368620126D964F200C26029 /* CardDetailsViewModel.swift */; };
		1368620426D985B100C26029 /* ANFExploreCardViewModelTests.swift in Sources */ = {isa = PBXBuildFile; fileRef = 1368620326D985B100C26029 /* ANFExploreCardViewModelTests.swift */; };
		1368620726D9971400C26029 /* ExploreCardCellModelTests.swift in Sources */ = {isa = PBXBuildFile; fileRef = 1368620626D9971400C26029 /* ExploreCardCellModelTests.swift */; };
		1368620926D998EC00C26029 /* Content.swift in Sources */ = {isa = PBXBuildFile; fileRef = 1368620826D998EC00C26029 /* Content.swift */; };
		1368620B26D999A900C26029 /* CardDetailsViewModelTests.swift in Sources */ = {isa = PBXBuildFile; fileRef = 1368620A26D999A900C26029 /* CardDetailsViewModelTests.swift */; };
		1368620D26D99C2400C26029 /* ExploreCardTableViewCellTests.swift in Sources */ = {isa = PBXBuildFile; fileRef = 1368620C26D99C2400C26029 /* ExploreCardTableViewCellTests.swift */; };
		1368620F26D9A8B000C26029 /* CardDetailsViewControllerTests.swift in Sources */ = {isa = PBXBuildFile; fileRef = 1368620E26D9A8B000C26029 /* CardDetailsViewControllerTests.swift */; };
		1368622C26D9B96900C26029 /* ANFError.swift in Sources */ = {isa = PBXBuildFile; fileRef = 1368621C26D9B96900C26029 /* ANFError.swift */; };
		1368622F26D9B96900C26029 /* ServiceConfig.swift in Sources */ = {isa = PBXBuildFile; fileRef = 1368621F26D9B96900C26029 /* ServiceConfig.swift */; };
		1368623026D9B96900C26029 /* Service.swift in Sources */ = {isa = PBXBuildFile; fileRef = 1368622026D9B96900C26029 /* Service.swift */; };
		1368623126D9B96900C26029 /* Config.plist in Resources */ = {isa = PBXBuildFile; fileRef = 1368622126D9B96900C26029 /* Config.plist */; };
		1368623226D9B96900C26029 /* ServiceConfiguration.swift in Sources */ = {isa = PBXBuildFile; fileRef = 1368622226D9B96900C26029 /* ServiceConfiguration.swift */; };
		1368623326D9B96900C26029 /* Endpoint.swift in Sources */ = {isa = PBXBuildFile; fileRef = 1368622326D9B96900C26029 /* Endpoint.swift */; };
		1368623526D9BE1000C26029 /* Lodable.swift in Sources */ = {isa = PBXBuildFile; fileRef = 1368623426D9BE1000C26029 /* Lodable.swift */; };
		1368623B26D9D63000C26029 /* ServiceConfigTests.swift in Sources */ = {isa = PBXBuildFile; fileRef = 1368623A26D9D63000C26029 /* ServiceConfigTests.swift */; };
		1368623D26D9D86000C26029 /* MockConfig.plist in Resources */ = {isa = PBXBuildFile; fileRef = 1368623C26D9D86000C26029 /* MockConfig.plist */; };
		1368623F26D9D8D800C26029 /* NoEnvironments.plist in Resources */ = {isa = PBXBuildFile; fileRef = 1368623E26D9D8D800C26029 /* NoEnvironments.plist */; };
		13B0124C26D871ED0006B21D /* ANFExploreCardViewModel.swift in Sources */ = {isa = PBXBuildFile; fileRef = 13B0124B26D871ED0006B21D /* ANFExploreCardViewModel.swift */; };
		13B0124F26D8727A0006B21D /* ExploreCardCellModel.swift in Sources */ = {isa = PBXBuildFile; fileRef = 13B0124E26D8727A0006B21D /* ExploreCardCellModel.swift */; };
		13B0125426D873460006B21D /* ExploreService.swift in Sources */ = {isa = PBXBuildFile; fileRef = 13B0125326D873460006B21D /* ExploreService.swift */; };
		13B0125626D873AB0006B21D /* Product.swift in Sources */ = {isa = PBXBuildFile; fileRef = 13B0125526D873AB0006B21D /* Product.swift */; };
		13B0125826D87BA70006B21D /* ExploreCardTableViewCell.swift in Sources */ = {isa = PBXBuildFile; fileRef = 13B0125726D87BA70006B21D /* ExploreCardTableViewCell.swift */; };
		13B0125B26D883A80006B21D /* Constant.swift in Sources */ = {isa = PBXBuildFile; fileRef = 13B0125A26D883A80006B21D /* Constant.swift */; };
		13B0125E26D883C00006B21D /* Collection+Extension.swift in Sources */ = {isa = PBXBuildFile; fileRef = 13B0125D26D883C00006B21D /* Collection+Extension.swift */; };
		13B0126126D884010006B21D /* ViewModel.swift in Sources */ = {isa = PBXBuildFile; fileRef = 13B0126026D884010006B21D /* ViewModel.swift */; };
		13B0126326D884200006B21D /* Bindable.swift in Sources */ = {isa = PBXBuildFile; fileRef = 13B0126226D884200006B21D /* Bindable.swift */; };
		3E4AB93A2676D86100C79456 /* exploreData.json in Resources */ = {isa = PBXBuildFile; fileRef = 3E4AB9392676D86100C79456 /* exploreData.json */; };
		3E727ED326727088006C11AC /* AppDelegate.swift in Sources */ = {isa = PBXBuildFile; fileRef = 3E727ED226727088006C11AC /* AppDelegate.swift */; };
		3E727ED526727088006C11AC /* SceneDelegate.swift in Sources */ = {isa = PBXBuildFile; fileRef = 3E727ED426727088006C11AC /* SceneDelegate.swift */; };
		3E727EDA26727088006C11AC /* Main.storyboard in Resources */ = {isa = PBXBuildFile; fileRef = 3E727ED826727088006C11AC /* Main.storyboard */; };
		3E727EDC2672708B006C11AC /* Assets.xcassets in Resources */ = {isa = PBXBuildFile; fileRef = 3E727EDB2672708B006C11AC /* Assets.xcassets */; };
		3E727EDF2672708B006C11AC /* LaunchScreen.storyboard in Resources */ = {isa = PBXBuildFile; fileRef = 3E727EDD2672708B006C11AC /* LaunchScreen.storyboard */; };
		3E727EEA2672708B006C11AC /* ANFExploreCardTableViewControllerTests.swift in Sources */ = {isa = PBXBuildFile; fileRef = 3E727EE92672708B006C11AC /* ANFExploreCardTableViewControllerTests.swift */; };
		3E727F03267281F7006C11AC /* ANFExploreCardTableViewController.swift in Sources */ = {isa = PBXBuildFile; fileRef = 3E727F02267281F7006C11AC /* ANFExploreCardTableViewController.swift */; };
		4637F5C65FB5212D6377BC6B /* Pods_ANF_Code_TestTests.framework in Frameworks */ = {isa = PBXBuildFile; fileRef = FFDCD50F9930ACFB56289006 /* Pods_ANF_Code_TestTests.framework */; };
		47809844CCC7EF7EA79A2B02 /* Pods_ANF_Code_Test.framework in Frameworks */ = {isa = PBXBuildFile; fileRef = 9C27D194B0964D554B15710F /* Pods_ANF_Code_Test.framework */; };
/* End PBXBuildFile section */

/* Begin PBXContainerItemProxy section */
		3E727EE62672708B006C11AC /* PBXContainerItemProxy */ = {
			isa = PBXContainerItemProxy;
			containerPortal = 3E727EC726727088006C11AC /* Project object */;
			proxyType = 1;
			remoteGlobalIDString = 3E727ECE26727088006C11AC;
			remoteInfo = "ANF Code Test";
		};
/* End PBXContainerItemProxy section */

/* Begin PBXFileReference section */
		134A1DF726D9EA2700248E6E /* ServiceConfigurationTests.swift */ = {isa = PBXFileReference; lastKnownFileType = sourcecode.swift; path = ServiceConfigurationTests.swift; sourceTree = "<group>"; };
		134A1DF926D9EB3D00248E6E /* ExploreServiceImplementation.swift */ = {isa = PBXFileReference; lastKnownFileType = sourcecode.swift; path = ExploreServiceImplementation.swift; sourceTree = "<group>"; };
		134A1DFB26D9EE3400248E6E /* Result+Extension.swift */ = {isa = PBXFileReference; lastKnownFileType = sourcecode.swift; path = "Result+Extension.swift"; sourceTree = "<group>"; };
		136861FF26D9645500C26029 /* CardDetailsViewController.swift */ = {isa = PBXFileReference; lastKnownFileType = sourcecode.swift; path = CardDetailsViewController.swift; sourceTree = "<group>"; };
		1368620126D964F200C26029 /* CardDetailsViewModel.swift */ = {isa = PBXFileReference; lastKnownFileType = sourcecode.swift; path = CardDetailsViewModel.swift; sourceTree = "<group>"; };
		1368620326D985B100C26029 /* ANFExploreCardViewModelTests.swift */ = {isa = PBXFileReference; lastKnownFileType = sourcecode.swift; path = ANFExploreCardViewModelTests.swift; sourceTree = "<group>"; };
		1368620626D9971400C26029 /* ExploreCardCellModelTests.swift */ = {isa = PBXFileReference; lastKnownFileType = sourcecode.swift; path = ExploreCardCellModelTests.swift; sourceTree = "<group>"; };
		1368620826D998EC00C26029 /* Content.swift */ = {isa = PBXFileReference; lastKnownFileType = sourcecode.swift; path = Content.swift; sourceTree = "<group>"; };
		1368620A26D999A900C26029 /* CardDetailsViewModelTests.swift */ = {isa = PBXFileReference; lastKnownFileType = sourcecode.swift; path = CardDetailsViewModelTests.swift; sourceTree = "<group>"; };
		1368620C26D99C2400C26029 /* ExploreCardTableViewCellTests.swift */ = {isa = PBXFileReference; lastKnownFileType = sourcecode.swift; path = ExploreCardTableViewCellTests.swift; sourceTree = "<group>"; };
		1368620E26D9A8B000C26029 /* CardDetailsViewControllerTests.swift */ = {isa = PBXFileReference; lastKnownFileType = sourcecode.swift; path = CardDetailsViewControllerTests.swift; sourceTree = "<group>"; };
		1368621C26D9B96900C26029 /* ANFError.swift */ = {isa = PBXFileReference; fileEncoding = 4; lastKnownFileType = sourcecode.swift; path = ANFError.swift; sourceTree = "<group>"; };
		1368621F26D9B96900C26029 /* ServiceConfig.swift */ = {isa = PBXFileReference; fileEncoding = 4; lastKnownFileType = sourcecode.swift; path = ServiceConfig.swift; sourceTree = "<group>"; };
		1368622026D9B96900C26029 /* Service.swift */ = {isa = PBXFileReference; fileEncoding = 4; lastKnownFileType = sourcecode.swift; path = Service.swift; sourceTree = "<group>"; };
		1368622126D9B96900C26029 /* Config.plist */ = {isa = PBXFileReference; fileEncoding = 4; lastKnownFileType = text.plist.xml; path = Config.plist; sourceTree = "<group>"; };
		1368622226D9B96900C26029 /* ServiceConfiguration.swift */ = {isa = PBXFileReference; fileEncoding = 4; lastKnownFileType = sourcecode.swift; path = ServiceConfiguration.swift; sourceTree = "<group>"; };
		1368622326D9B96900C26029 /* Endpoint.swift */ = {isa = PBXFileReference; fileEncoding = 4; lastKnownFileType = sourcecode.swift; path = Endpoint.swift; sourceTree = "<group>"; };
		1368623426D9BE1000C26029 /* Lodable.swift */ = {isa = PBXFileReference; fileEncoding = 4; lastKnownFileType = sourcecode.swift; path = Lodable.swift; sourceTree = "<group>"; };
		1368623A26D9D63000C26029 /* ServiceConfigTests.swift */ = {isa = PBXFileReference; lastKnownFileType = sourcecode.swift; path = ServiceConfigTests.swift; sourceTree = "<group>"; };
		1368623C26D9D86000C26029 /* MockConfig.plist */ = {isa = PBXFileReference; fileEncoding = 4; lastKnownFileType = text.plist.xml; path = MockConfig.plist; sourceTree = "<group>"; };
		1368623E26D9D8D800C26029 /* NoEnvironments.plist */ = {isa = PBXFileReference; fileEncoding = 4; lastKnownFileType = text.plist.xml; path = NoEnvironments.plist; sourceTree = "<group>"; };
		13B0124B26D871ED0006B21D /* ANFExploreCardViewModel.swift */ = {isa = PBXFileReference; lastKnownFileType = sourcecode.swift; path = ANFExploreCardViewModel.swift; sourceTree = "<group>"; };
		13B0124E26D8727A0006B21D /* ExploreCardCellModel.swift */ = {isa = PBXFileReference; lastKnownFileType = sourcecode.swift; path = ExploreCardCellModel.swift; sourceTree = "<group>"; };
		13B0125326D873460006B21D /* ExploreService.swift */ = {isa = PBXFileReference; lastKnownFileType = sourcecode.swift; path = ExploreService.swift; sourceTree = "<group>"; };
		13B0125526D873AB0006B21D /* Product.swift */ = {isa = PBXFileReference; lastKnownFileType = sourcecode.swift; path = Product.swift; sourceTree = "<group>"; };
		13B0125726D87BA70006B21D /* ExploreCardTableViewCell.swift */ = {isa = PBXFileReference; lastKnownFileType = sourcecode.swift; path = ExploreCardTableViewCell.swift; sourceTree = "<group>"; };
		13B0125A26D883A80006B21D /* Constant.swift */ = {isa = PBXFileReference; lastKnownFileType = sourcecode.swift; path = Constant.swift; sourceTree = "<group>"; };
		13B0125D26D883C00006B21D /* Collection+Extension.swift */ = {isa = PBXFileReference; lastKnownFileType = sourcecode.swift; path = "Collection+Extension.swift"; sourceTree = "<group>"; };
		13B0126026D884010006B21D /* ViewModel.swift */ = {isa = PBXFileReference; lastKnownFileType = sourcecode.swift; path = ViewModel.swift; sourceTree = "<group>"; };
		13B0126226D884200006B21D /* Bindable.swift */ = {isa = PBXFileReference; lastKnownFileType = sourcecode.swift; path = Bindable.swift; sourceTree = "<group>"; };
		3E4AB9392676D86100C79456 /* exploreData.json */ = {isa = PBXFileReference; fileEncoding = 4; lastKnownFileType = text.json; path = exploreData.json; sourceTree = "<group>"; };
		3E727ECF26727088006C11AC /* ANF Code Test.app */ = {isa = PBXFileReference; explicitFileType = wrapper.application; includeInIndex = 0; path = "ANF Code Test.app"; sourceTree = BUILT_PRODUCTS_DIR; };
		3E727ED226727088006C11AC /* AppDelegate.swift */ = {isa = PBXFileReference; lastKnownFileType = sourcecode.swift; path = AppDelegate.swift; sourceTree = "<group>"; };
		3E727ED426727088006C11AC /* SceneDelegate.swift */ = {isa = PBXFileReference; lastKnownFileType = sourcecode.swift; path = SceneDelegate.swift; sourceTree = "<group>"; };
		3E727ED926727088006C11AC /* Base */ = {isa = PBXFileReference; lastKnownFileType = file.storyboard; name = Base; path = Base.lproj/Main.storyboard; sourceTree = "<group>"; };
		3E727EDB2672708B006C11AC /* Assets.xcassets */ = {isa = PBXFileReference; lastKnownFileType = folder.assetcatalog; path = Assets.xcassets; sourceTree = "<group>"; };
		3E727EDE2672708B006C11AC /* Base */ = {isa = PBXFileReference; lastKnownFileType = file.storyboard; name = Base; path = Base.lproj/LaunchScreen.storyboard; sourceTree = "<group>"; };
		3E727EE02672708B006C11AC /* Info.plist */ = {isa = PBXFileReference; lastKnownFileType = text.plist.xml; path = Info.plist; sourceTree = "<group>"; };
		3E727EE52672708B006C11AC /* ANF Code TestTests.xctest */ = {isa = PBXFileReference; explicitFileType = wrapper.cfbundle; includeInIndex = 0; path = "ANF Code TestTests.xctest"; sourceTree = BUILT_PRODUCTS_DIR; };
		3E727EE92672708B006C11AC /* ANFExploreCardTableViewControllerTests.swift */ = {isa = PBXFileReference; lastKnownFileType = sourcecode.swift; path = ANFExploreCardTableViewControllerTests.swift; sourceTree = "<group>"; };
		3E727EEB2672708B006C11AC /* Info.plist */ = {isa = PBXFileReference; lastKnownFileType = text.plist.xml; path = Info.plist; sourceTree = "<group>"; };
		3E727F02267281F7006C11AC /* ANFExploreCardTableViewController.swift */ = {isa = PBXFileReference; lastKnownFileType = sourcecode.swift; path = ANFExploreCardTableViewController.swift; sourceTree = "<group>"; };
		458260ADD9738343F2922F87 /* Pods-ANF Code Test.debug.xcconfig */ = {isa = PBXFileReference; includeInIndex = 1; lastKnownFileType = text.xcconfig; name = "Pods-ANF Code Test.debug.xcconfig"; path = "Target Support Files/Pods-ANF Code Test/Pods-ANF Code Test.debug.xcconfig"; sourceTree = "<group>"; };
		5D46FC5681A0A0DC86769002 /* Pods-ANF Code TestTests.debug.xcconfig */ = {isa = PBXFileReference; includeInIndex = 1; lastKnownFileType = text.xcconfig; name = "Pods-ANF Code TestTests.debug.xcconfig"; path = "Target Support Files/Pods-ANF Code TestTests/Pods-ANF Code TestTests.debug.xcconfig"; sourceTree = "<group>"; };
		9C27D194B0964D554B15710F /* Pods_ANF_Code_Test.framework */ = {isa = PBXFileReference; explicitFileType = wrapper.framework; includeInIndex = 0; path = Pods_ANF_Code_Test.framework; sourceTree = BUILT_PRODUCTS_DIR; };
		B588C75AA7EEE2281B02DE55 /* Pods-ANF Code Test.release.xcconfig */ = {isa = PBXFileReference; includeInIndex = 1; lastKnownFileType = text.xcconfig; name = "Pods-ANF Code Test.release.xcconfig"; path = "Target Support Files/Pods-ANF Code Test/Pods-ANF Code Test.release.xcconfig"; sourceTree = "<group>"; };
		E10250A4EF82E086FB7ADB7A /* Pods-ANF Code TestTests.release.xcconfig */ = {isa = PBXFileReference; includeInIndex = 1; lastKnownFileType = text.xcconfig; name = "Pods-ANF Code TestTests.release.xcconfig"; path = "Target Support Files/Pods-ANF Code TestTests/Pods-ANF Code TestTests.release.xcconfig"; sourceTree = "<group>"; };
		FFDCD50F9930ACFB56289006 /* Pods_ANF_Code_TestTests.framework */ = {isa = PBXFileReference; explicitFileType = wrapper.framework; includeInIndex = 0; path = Pods_ANF_Code_TestTests.framework; sourceTree = BUILT_PRODUCTS_DIR; };
/* End PBXFileReference section */

/* Begin PBXFrameworksBuildPhase section */
		3E727ECC26727088006C11AC /* Frameworks */ = {
			isa = PBXFrameworksBuildPhase;
			buildActionMask = 2147483647;
			files = (
				47809844CCC7EF7EA79A2B02 /* Pods_ANF_Code_Test.framework in Frameworks */,
			);
			runOnlyForDeploymentPostprocessing = 0;
		};
		3E727EE22672708B006C11AC /* Frameworks */ = {
			isa = PBXFrameworksBuildPhase;
			buildActionMask = 2147483647;
			files = (
				4637F5C65FB5212D6377BC6B /* Pods_ANF_Code_TestTests.framework in Frameworks */,
			);
			runOnlyForDeploymentPostprocessing = 0;
		};
/* End PBXFrameworksBuildPhase section */

/* Begin PBXGroup section */
		1368620526D985B800C26029 /* ViewModels */ = {
			isa = PBXGroup;
			children = (
				1368620326D985B100C26029 /* ANFExploreCardViewModelTests.swift */,
				1368620626D9971400C26029 /* ExploreCardCellModelTests.swift */,
				1368620A26D999A900C26029 /* CardDetailsViewModelTests.swift */,
			);
			path = ViewModels;
			sourceTree = "<group>";
		};
		1368621226D9B96900C26029 /* Network */ = {
			isa = PBXGroup;
			children = (
				13B0125126D872F20006B21D /* Services */,
				1368621326D9B96900C26029 /* Mocks */,
				1368621C26D9B96900C26029 /* ANFError.swift */,
				1368621F26D9B96900C26029 /* ServiceConfig.swift */,
				1368622026D9B96900C26029 /* Service.swift */,
				1368622126D9B96900C26029 /* Config.plist */,
				1368622226D9B96900C26029 /* ServiceConfiguration.swift */,
				1368622326D9B96900C26029 /* Endpoint.swift */,
			);
			path = Network;
			sourceTree = "<group>";
		};
		1368621326D9B96900C26029 /* Mocks */ = {
			isa = PBXGroup;
			children = (
				3E4AB9392676D86100C79456 /* exploreData.json */,
			);
			path = Mocks;
			sourceTree = "<group>";
		};
		1368623826D9D55600C26029 /* Views */ = {
			isa = PBXGroup;
			children = (
				3E727EE92672708B006C11AC /* ANFExploreCardTableViewControllerTests.swift */,
				1368620C26D99C2400C26029 /* ExploreCardTableViewCellTests.swift */,
				1368620E26D9A8B000C26029 /* CardDetailsViewControllerTests.swift */,
			);
			path = Views;
			sourceTree = "<group>";
		};
		1368623926D9D56400C26029 /* Network */ = {
			isa = PBXGroup;
			children = (
				1368623C26D9D86000C26029 /* MockConfig.plist */,
				1368623E26D9D8D800C26029 /* NoEnvironments.plist */,
				1368623A26D9D63000C26029 /* ServiceConfigTests.swift */,
				134A1DF726D9EA2700248E6E /* ServiceConfigurationTests.swift */,
				134A1DF926D9EB3D00248E6E /* ExploreServiceImplementation.swift */,
			);
			path = Network;
			sourceTree = "<group>";
		};
		13B0124D26D872680006B21D /* ViewModels */ = {
			isa = PBXGroup;
			children = (
				13B0124B26D871ED0006B21D /* ANFExploreCardViewModel.swift */,
				13B0124E26D8727A0006B21D /* ExploreCardCellModel.swift */,
				1368620126D964F200C26029 /* CardDetailsViewModel.swift */,
			);
			path = ViewModels;
			sourceTree = "<group>";
		};
		13B0125026D872DA0006B21D /* Views */ = {
			isa = PBXGroup;
			children = (
				3E727F02267281F7006C11AC /* ANFExploreCardTableViewController.swift */,
				136861FF26D9645500C26029 /* CardDetailsViewController.swift */,
				13B0125726D87BA70006B21D /* ExploreCardTableViewCell.swift */,
			);
			path = Views;
			sourceTree = "<group>";
		};
		13B0125126D872F20006B21D /* Services */ = {
			isa = PBXGroup;
			children = (
				13B0125326D873460006B21D /* ExploreService.swift */,
			);
			path = Services;
			sourceTree = "<group>";
		};
		13B0125226D873050006B21D /* Model */ = {
			isa = PBXGroup;
			children = (
				13B0125526D873AB0006B21D /* Product.swift */,
				1368620826D998EC00C26029 /* Content.swift */,
			);
			path = Model;
			sourceTree = "<group>";
		};
		13B0125926D883950006B21D /* Utils */ = {
			isa = PBXGroup;
			children = (
				13B0125C26D883B20006B21D /* Extensions */,
				13B0125A26D883A80006B21D /* Constant.swift */,
				1368623426D9BE1000C26029 /* Lodable.swift */,
			);
			path = Utils;
			sourceTree = "<group>";
		};
		13B0125C26D883B20006B21D /* Extensions */ = {
			isa = PBXGroup;
			children = (
				13B0125D26D883C00006B21D /* Collection+Extension.swift */,
				134A1DFB26D9EE3400248E6E /* Result+Extension.swift */,
			);
			path = Extensions;
			sourceTree = "<group>";
		};
		13B0125F26D883E80006B21D /* Protocols */ = {
			isa = PBXGroup;
			children = (
				13B0126026D884010006B21D /* ViewModel.swift */,
				13B0126226D884200006B21D /* Bindable.swift */,
			);
			path = Protocols;
			sourceTree = "<group>";
		};
		3E727EC626727088006C11AC = {
			isa = PBXGroup;
			children = (
				3E727ED126727088006C11AC /* ANF Code Test */,
				3E727EE82672708B006C11AC /* ANF Code TestTests */,
				3E727ED026727088006C11AC /* Products */,
				EFAB0498BEEA9083F3F4BCAC /* Pods */,
				682BECBE38B4912155B7C3CC /* Frameworks */,
			);
			sourceTree = "<group>";
		};
		3E727ED026727088006C11AC /* Products */ = {
			isa = PBXGroup;
			children = (
				3E727ECF26727088006C11AC /* ANF Code Test.app */,
				3E727EE52672708B006C11AC /* ANF Code TestTests.xctest */,
			);
			name = Products;
			sourceTree = "<group>";
		};
		3E727ED126727088006C11AC /* ANF Code Test */ = {
			isa = PBXGroup;
			children = (
				13B0125F26D883E80006B21D /* Protocols */,
				13B0125926D883950006B21D /* Utils */,
				13B0125026D872DA0006B21D /* Views */,
				13B0124D26D872680006B21D /* ViewModels */,
				13B0125226D873050006B21D /* Model */,
				1368621226D9B96900C26029 /* Network */,
				3E727ED226727088006C11AC /* AppDelegate.swift */,
				3E727ED426727088006C11AC /* SceneDelegate.swift */,
				3E727ED826727088006C11AC /* Main.storyboard */,
				3E727EDB2672708B006C11AC /* Assets.xcassets */,
				3E727EDD2672708B006C11AC /* LaunchScreen.storyboard */,
				3E727EE02672708B006C11AC /* Info.plist */,
			);
			path = "ANF Code Test";
			sourceTree = "<group>";
		};
		3E727EE82672708B006C11AC /* ANF Code TestTests */ = {
			isa = PBXGroup;
			children = (
				1368623926D9D56400C26029 /* Network */,
				1368623826D9D55600C26029 /* Views */,
				1368620526D985B800C26029 /* ViewModels */,
				3E727EEB2672708B006C11AC /* Info.plist */,
			);
			path = "ANF Code TestTests";
			sourceTree = "<group>";
		};
		682BECBE38B4912155B7C3CC /* Frameworks */ = {
			isa = PBXGroup;
			children = (
				9C27D194B0964D554B15710F /* Pods_ANF_Code_Test.framework */,
				FFDCD50F9930ACFB56289006 /* Pods_ANF_Code_TestTests.framework */,
			);
			name = Frameworks;
			sourceTree = "<group>";
		};
		EFAB0498BEEA9083F3F4BCAC /* Pods */ = {
			isa = PBXGroup;
			children = (
				458260ADD9738343F2922F87 /* Pods-ANF Code Test.debug.xcconfig */,
				B588C75AA7EEE2281B02DE55 /* Pods-ANF Code Test.release.xcconfig */,
				5D46FC5681A0A0DC86769002 /* Pods-ANF Code TestTests.debug.xcconfig */,
				E10250A4EF82E086FB7ADB7A /* Pods-ANF Code TestTests.release.xcconfig */,
			);
			path = Pods;
			sourceTree = "<group>";
		};
/* End PBXGroup section */

/* Begin PBXNativeTarget section */
		3E727ECE26727088006C11AC /* ANF Code Test */ = {
			isa = PBXNativeTarget;
			buildConfigurationList = 3E727EF92672708B006C11AC /* Build configuration list for PBXNativeTarget "ANF Code Test" */;
			buildPhases = (
				2BA27FD18B735ED60D288805 /* [CP] Check Pods Manifest.lock */,
				3E727ECB26727088006C11AC /* Sources */,
				3E727ECC26727088006C11AC /* Frameworks */,
				3E727ECD26727088006C11AC /* Resources */,
				D4AFE70CBCFECDF9527CE31F /* [CP] Embed Pods Frameworks */,
			);
			buildRules = (
			);
			dependencies = (
			);
			name = "ANF Code Test";
			productName = "ANF Code Test";
			productReference = 3E727ECF26727088006C11AC /* ANF Code Test.app */;
			productType = "com.apple.product-type.application";
		};
		3E727EE42672708B006C11AC /* ANF Code TestTests */ = {
			isa = PBXNativeTarget;
			buildConfigurationList = 3E727EFC2672708B006C11AC /* Build configuration list for PBXNativeTarget "ANF Code TestTests" */;
			buildPhases = (
				C47D56956A407D2EE3D74167 /* [CP] Check Pods Manifest.lock */,
				3E727EE12672708B006C11AC /* Sources */,
				3E727EE22672708B006C11AC /* Frameworks */,
				3E727EE32672708B006C11AC /* Resources */,
			);
			buildRules = (
			);
			dependencies = (
				3E727EE72672708B006C11AC /* PBXTargetDependency */,
			);
			name = "ANF Code TestTests";
			productName = "ANF Code TestTests";
			productReference = 3E727EE52672708B006C11AC /* ANF Code TestTests.xctest */;
			productType = "com.apple.product-type.bundle.unit-test";
		};
/* End PBXNativeTarget section */

/* Begin PBXProject section */
		3E727EC726727088006C11AC /* Project object */ = {
			isa = PBXProject;
			attributes = {
				LastSwiftUpdateCheck = 1250;
				LastUpgradeCheck = 1250;
				TargetAttributes = {
					3E727ECE26727088006C11AC = {
						CreatedOnToolsVersion = 12.5;
					};
					3E727EE42672708B006C11AC = {
						CreatedOnToolsVersion = 12.5;
						TestTargetID = 3E727ECE26727088006C11AC;
					};
				};
			};
			buildConfigurationList = 3E727ECA26727088006C11AC /* Build configuration list for PBXProject "ANF Code Test" */;
			compatibilityVersion = "Xcode 9.3";
			developmentRegion = en;
			hasScannedForEncodings = 0;
			knownRegions = (
				en,
				Base,
			);
			mainGroup = 3E727EC626727088006C11AC;
			productRefGroup = 3E727ED026727088006C11AC /* Products */;
			projectDirPath = "";
			projectRoot = "";
			targets = (
				3E727ECE26727088006C11AC /* ANF Code Test */,
				3E727EE42672708B006C11AC /* ANF Code TestTests */,
			);
		};
/* End PBXProject section */

/* Begin PBXResourcesBuildPhase section */
		3E727ECD26727088006C11AC /* Resources */ = {
			isa = PBXResourcesBuildPhase;
			buildActionMask = 2147483647;
			files = (
				3E727EDF2672708B006C11AC /* LaunchScreen.storyboard in Resources */,
				3E727EDC2672708B006C11AC /* Assets.xcassets in Resources */,
				3E727EDA26727088006C11AC /* Main.storyboard in Resources */,
				3E4AB93A2676D86100C79456 /* exploreData.json in Resources */,
				1368623126D9B96900C26029 /* Config.plist in Resources */,
			);
			runOnlyForDeploymentPostprocessing = 0;
		};
		3E727EE32672708B006C11AC /* Resources */ = {
			isa = PBXResourcesBuildPhase;
			buildActionMask = 2147483647;
			files = (
				1368623D26D9D86000C26029 /* MockConfig.plist in Resources */,
				1368623F26D9D8D800C26029 /* NoEnvironments.plist in Resources */,
			);
			runOnlyForDeploymentPostprocessing = 0;
		};
/* End PBXResourcesBuildPhase section */

/* Begin PBXShellScriptBuildPhase section */
		2BA27FD18B735ED60D288805 /* [CP] Check Pods Manifest.lock */ = {
			isa = PBXShellScriptBuildPhase;
			buildActionMask = 2147483647;
			files = (
			);
			inputFileListPaths = (
			);
			inputPaths = (
				"${PODS_PODFILE_DIR_PATH}/Podfile.lock",
				"${PODS_ROOT}/Manifest.lock",
			);
			name = "[CP] Check Pods Manifest.lock";
			outputFileListPaths = (
			);
			outputPaths = (
				"$(DERIVED_FILE_DIR)/Pods-ANF Code Test-checkManifestLockResult.txt",
			);
			runOnlyForDeploymentPostprocessing = 0;
			shellPath = /bin/sh;
			shellScript = "diff \"${PODS_PODFILE_DIR_PATH}/Podfile.lock\" \"${PODS_ROOT}/Manifest.lock\" > /dev/null\nif [ $? != 0 ] ; then\n    # print error to STDERR\n    echo \"error: The sandbox is not in sync with the Podfile.lock. Run 'pod install' or update your CocoaPods installation.\" >&2\n    exit 1\nfi\n# This output is used by Xcode 'outputs' to avoid re-running this script phase.\necho \"SUCCESS\" > \"${SCRIPT_OUTPUT_FILE_0}\"\n";
			showEnvVarsInLog = 0;
		};
		C47D56956A407D2EE3D74167 /* [CP] Check Pods Manifest.lock */ = {
			isa = PBXShellScriptBuildPhase;
			buildActionMask = 2147483647;
			files = (
			);
			inputFileListPaths = (
			);
			inputPaths = (
				"${PODS_PODFILE_DIR_PATH}/Podfile.lock",
				"${PODS_ROOT}/Manifest.lock",
			);
			name = "[CP] Check Pods Manifest.lock";
			outputFileListPaths = (
			);
			outputPaths = (
				"$(DERIVED_FILE_DIR)/Pods-ANF Code TestTests-checkManifestLockResult.txt",
			);
			runOnlyForDeploymentPostprocessing = 0;
			shellPath = /bin/sh;
			shellScript = "diff \"${PODS_PODFILE_DIR_PATH}/Podfile.lock\" \"${PODS_ROOT}/Manifest.lock\" > /dev/null\nif [ $? != 0 ] ; then\n    # print error to STDERR\n    echo \"error: The sandbox is not in sync with the Podfile.lock. Run 'pod install' or update your CocoaPods installation.\" >&2\n    exit 1\nfi\n# This output is used by Xcode 'outputs' to avoid re-running this script phase.\necho \"SUCCESS\" > \"${SCRIPT_OUTPUT_FILE_0}\"\n";
			showEnvVarsInLog = 0;
		};
		D4AFE70CBCFECDF9527CE31F /* [CP] Embed Pods Frameworks */ = {
			isa = PBXShellScriptBuildPhase;
			buildActionMask = 2147483647;
			files = (
			);
			inputFileListPaths = (
				"${PODS_ROOT}/Target Support Files/Pods-ANF Code Test/Pods-ANF Code Test-frameworks-${CONFIGURATION}-input-files.xcfilelist",
			);
			name = "[CP] Embed Pods Frameworks";
			outputFileListPaths = (
				"${PODS_ROOT}/Target Support Files/Pods-ANF Code Test/Pods-ANF Code Test-frameworks-${CONFIGURATION}-output-files.xcfilelist",
			);
			runOnlyForDeploymentPostprocessing = 0;
			shellPath = /bin/sh;
			shellScript = "\"${PODS_ROOT}/Target Support Files/Pods-ANF Code Test/Pods-ANF Code Test-frameworks.sh\"\n";
			showEnvVarsInLog = 0;
		};
/* End PBXShellScriptBuildPhase section */

/* Begin PBXSourcesBuildPhase section */
		3E727ECB26727088006C11AC /* Sources */ = {
			isa = PBXSourcesBuildPhase;
			buildActionMask = 2147483647;
			files = (
				1368622C26D9B96900C26029 /* ANFError.swift in Sources */,
				3E727F03267281F7006C11AC /* ANFExploreCardTableViewController.swift in Sources */,
				13B0125E26D883C00006B21D /* Collection+Extension.swift in Sources */,
				13B0126326D884200006B21D /* Bindable.swift in Sources */,
				13B0125426D873460006B21D /* ExploreService.swift in Sources */,
				13B0126126D884010006B21D /* ViewModel.swift in Sources */,
				13B0125B26D883A80006B21D /* Constant.swift in Sources */,
				1368620026D9645500C26029 /* CardDetailsViewController.swift in Sources */,
				1368620226D964F200C26029 /* CardDetailsViewModel.swift in Sources */,
				1368620926D998EC00C26029 /* Content.swift in Sources */,
				1368622F26D9B96900C26029 /* ServiceConfig.swift in Sources */,
				3E727ED326727088006C11AC /* AppDelegate.swift in Sources */,
				134A1DFC26D9EE3400248E6E /* Result+Extension.swift in Sources */,
				13B0124F26D8727A0006B21D /* ExploreCardCellModel.swift in Sources */,
				13B0124C26D871ED0006B21D /* ANFExploreCardViewModel.swift in Sources */,
				1368623026D9B96900C26029 /* Service.swift in Sources */,
				1368623526D9BE1000C26029 /* Lodable.swift in Sources */,
				13B0125826D87BA70006B21D /* ExploreCardTableViewCell.swift in Sources */,
				3E727ED526727088006C11AC /* SceneDelegate.swift in Sources */,
				13B0125626D873AB0006B21D /* Product.swift in Sources */,
				1368623326D9B96900C26029 /* Endpoint.swift in Sources */,
				1368623226D9B96900C26029 /* ServiceConfiguration.swift in Sources */,
			);
			runOnlyForDeploymentPostprocessing = 0;
		};
		3E727EE12672708B006C11AC /* Sources */ = {
			isa = PBXSourcesBuildPhase;
			buildActionMask = 2147483647;
			files = (
				1368620D26D99C2400C26029 /* ExploreCardTableViewCellTests.swift in Sources */,
				1368623B26D9D63000C26029 /* ServiceConfigTests.swift in Sources */,
				1368620F26D9A8B000C26029 /* CardDetailsViewControllerTests.swift in Sources */,
				1368620426D985B100C26029 /* ANFExploreCardViewModelTests.swift in Sources */,
				1368620B26D999A900C26029 /* CardDetailsViewModelTests.swift in Sources */,
				1368620726D9971400C26029 /* ExploreCardCellModelTests.swift in Sources */,
				134A1DF826D9EA2700248E6E /* ServiceConfigurationTests.swift in Sources */,
				134A1DFA26D9EB3D00248E6E /* ExploreServiceImplementation.swift in Sources */,
				3E727EEA2672708B006C11AC /* ANFExploreCardTableViewControllerTests.swift in Sources */,
			);
			runOnlyForDeploymentPostprocessing = 0;
		};
/* End PBXSourcesBuildPhase section */

/* Begin PBXTargetDependency section */
		3E727EE72672708B006C11AC /* PBXTargetDependency */ = {
			isa = PBXTargetDependency;
			target = 3E727ECE26727088006C11AC /* ANF Code Test */;
			targetProxy = 3E727EE62672708B006C11AC /* PBXContainerItemProxy */;
		};
/* End PBXTargetDependency section */

/* Begin PBXVariantGroup section */
		3E727ED826727088006C11AC /* Main.storyboard */ = {
			isa = PBXVariantGroup;
			children = (
				3E727ED926727088006C11AC /* Base */,
			);
			name = Main.storyboard;
			sourceTree = "<group>";
		};
		3E727EDD2672708B006C11AC /* LaunchScreen.storyboard */ = {
			isa = PBXVariantGroup;
			children = (
				3E727EDE2672708B006C11AC /* Base */,
			);
			name = LaunchScreen.storyboard;
			sourceTree = "<group>";
		};
/* End PBXVariantGroup section */

/* Begin XCBuildConfiguration section */
		3E727EF72672708B006C11AC /* Debug */ = {
			isa = XCBuildConfiguration;
			buildSettings = {
				ALWAYS_SEARCH_USER_PATHS = NO;
				CLANG_ANALYZER_NONNULL = YES;
				CLANG_ANALYZER_NUMBER_OBJECT_CONVERSION = YES_AGGRESSIVE;
				CLANG_CXX_LANGUAGE_STANDARD = "gnu++14";
				CLANG_CXX_LIBRARY = "libc++";
				CLANG_ENABLE_MODULES = YES;
				CLANG_ENABLE_OBJC_ARC = YES;
				CLANG_ENABLE_OBJC_WEAK = YES;
				CLANG_WARN_BLOCK_CAPTURE_AUTORELEASING = YES;
				CLANG_WARN_BOOL_CONVERSION = YES;
				CLANG_WARN_COMMA = YES;
				CLANG_WARN_CONSTANT_CONVERSION = YES;
				CLANG_WARN_DEPRECATED_OBJC_IMPLEMENTATIONS = YES;
				CLANG_WARN_DIRECT_OBJC_ISA_USAGE = YES_ERROR;
				CLANG_WARN_DOCUMENTATION_COMMENTS = YES;
				CLANG_WARN_EMPTY_BODY = YES;
				CLANG_WARN_ENUM_CONVERSION = YES;
				CLANG_WARN_INFINITE_RECURSION = YES;
				CLANG_WARN_INT_CONVERSION = YES;
				CLANG_WARN_NON_LITERAL_NULL_CONVERSION = YES;
				CLANG_WARN_OBJC_IMPLICIT_RETAIN_SELF = YES;
				CLANG_WARN_OBJC_LITERAL_CONVERSION = YES;
				CLANG_WARN_OBJC_ROOT_CLASS = YES_ERROR;
				CLANG_WARN_QUOTED_INCLUDE_IN_FRAMEWORK_HEADER = YES;
				CLANG_WARN_RANGE_LOOP_ANALYSIS = YES;
				CLANG_WARN_STRICT_PROTOTYPES = YES;
				CLANG_WARN_SUSPICIOUS_MOVE = YES;
				CLANG_WARN_UNGUARDED_AVAILABILITY = YES_AGGRESSIVE;
				CLANG_WARN_UNREACHABLE_CODE = YES;
				CLANG_WARN__DUPLICATE_METHOD_MATCH = YES;
				CODE_SIGN_IDENTITY = "Apple Development";
				COPY_PHASE_STRIP = NO;
				DEBUG_INFORMATION_FORMAT = dwarf;
				ENABLE_STRICT_OBJC_MSGSEND = YES;
				ENABLE_TESTABILITY = YES;
				GCC_C_LANGUAGE_STANDARD = gnu11;
				GCC_DYNAMIC_NO_PIC = NO;
				GCC_NO_COMMON_BLOCKS = YES;
				GCC_OPTIMIZATION_LEVEL = 0;
				GCC_PREPROCESSOR_DEFINITIONS = (
					"DEBUG=1",
					"$(inherited)",
				);
				GCC_WARN_64_TO_32_BIT_CONVERSION = YES;
				GCC_WARN_ABOUT_RETURN_TYPE = YES_ERROR;
				GCC_WARN_UNDECLARED_SELECTOR = YES;
				GCC_WARN_UNINITIALIZED_AUTOS = YES_AGGRESSIVE;
				GCC_WARN_UNUSED_FUNCTION = YES;
				GCC_WARN_UNUSED_VARIABLE = YES;
				IPHONEOS_DEPLOYMENT_TARGET = 14.5;
				MTL_ENABLE_DEBUG_INFO = INCLUDE_SOURCE;
				MTL_FAST_MATH = YES;
				ONLY_ACTIVE_ARCH = YES;
				SDKROOT = iphoneos;
				SWIFT_ACTIVE_COMPILATION_CONDITIONS = DEBUG;
				SWIFT_OPTIMIZATION_LEVEL = "-Onone";
			};
			name = Debug;
		};
		3E727EF82672708B006C11AC /* Release */ = {
			isa = XCBuildConfiguration;
			buildSettings = {
				ALWAYS_SEARCH_USER_PATHS = NO;
				CLANG_ANALYZER_NONNULL = YES;
				CLANG_ANALYZER_NUMBER_OBJECT_CONVERSION = YES_AGGRESSIVE;
				CLANG_CXX_LANGUAGE_STANDARD = "gnu++14";
				CLANG_CXX_LIBRARY = "libc++";
				CLANG_ENABLE_MODULES = YES;
				CLANG_ENABLE_OBJC_ARC = YES;
				CLANG_ENABLE_OBJC_WEAK = YES;
				CLANG_WARN_BLOCK_CAPTURE_AUTORELEASING = YES;
				CLANG_WARN_BOOL_CONVERSION = YES;
				CLANG_WARN_COMMA = YES;
				CLANG_WARN_CONSTANT_CONVERSION = YES;
				CLANG_WARN_DEPRECATED_OBJC_IMPLEMENTATIONS = YES;
				CLANG_WARN_DIRECT_OBJC_ISA_USAGE = YES_ERROR;
				CLANG_WARN_DOCUMENTATION_COMMENTS = YES;
				CLANG_WARN_EMPTY_BODY = YES;
				CLANG_WARN_ENUM_CONVERSION = YES;
				CLANG_WARN_INFINITE_RECURSION = YES;
				CLANG_WARN_INT_CONVERSION = YES;
				CLANG_WARN_NON_LITERAL_NULL_CONVERSION = YES;
				CLANG_WARN_OBJC_IMPLICIT_RETAIN_SELF = YES;
				CLANG_WARN_OBJC_LITERAL_CONVERSION = YES;
				CLANG_WARN_OBJC_ROOT_CLASS = YES_ERROR;
				CLANG_WARN_QUOTED_INCLUDE_IN_FRAMEWORK_HEADER = YES;
				CLANG_WARN_RANGE_LOOP_ANALYSIS = YES;
				CLANG_WARN_STRICT_PROTOTYPES = YES;
				CLANG_WARN_SUSPICIOUS_MOVE = YES;
				CLANG_WARN_UNGUARDED_AVAILABILITY = YES_AGGRESSIVE;
				CLANG_WARN_UNREACHABLE_CODE = YES;
				CLANG_WARN__DUPLICATE_METHOD_MATCH = YES;
				CODE_SIGN_IDENTITY = "Apple Development";
				COPY_PHASE_STRIP = NO;
				DEBUG_INFORMATION_FORMAT = "dwarf-with-dsym";
				ENABLE_NS_ASSERTIONS = NO;
				ENABLE_STRICT_OBJC_MSGSEND = YES;
				GCC_C_LANGUAGE_STANDARD = gnu11;
				GCC_NO_COMMON_BLOCKS = YES;
				GCC_WARN_64_TO_32_BIT_CONVERSION = YES;
				GCC_WARN_ABOUT_RETURN_TYPE = YES_ERROR;
				GCC_WARN_UNDECLARED_SELECTOR = YES;
				GCC_WARN_UNINITIALIZED_AUTOS = YES_AGGRESSIVE;
				GCC_WARN_UNUSED_FUNCTION = YES;
				GCC_WARN_UNUSED_VARIABLE = YES;
				IPHONEOS_DEPLOYMENT_TARGET = 14.5;
				MTL_ENABLE_DEBUG_INFO = NO;
				MTL_FAST_MATH = YES;
				SDKROOT = iphoneos;
				SWIFT_COMPILATION_MODE = wholemodule;
				SWIFT_OPTIMIZATION_LEVEL = "-O";
				VALIDATE_PRODUCT = YES;
			};
			name = Release;
		};
		3E727EFA2672708B006C11AC /* Debug */ = {
			isa = XCBuildConfiguration;
			baseConfigurationReference = 458260ADD9738343F2922F87 /* Pods-ANF Code Test.debug.xcconfig */;
			buildSettings = {
				ASSETCATALOG_COMPILER_APPICON_NAME = AppIcon;
				ASSETCATALOG_COMPILER_GLOBAL_ACCENT_COLOR_NAME = AccentColor;
				CODE_SIGN_IDENTITY = "Apple Development";
				CODE_SIGN_STYLE = Automatic;
				DEVELOPMENT_TEAM = RAHE33U4ZS;
				INFOPLIST_FILE = "ANF Code Test/Info.plist";
				LD_RUNPATH_SEARCH_PATHS = (
					"$(inherited)",
					"@executable_path/Frameworks",
				);
				PRODUCT_BUNDLE_IDENTIFIER = "com.abercrombie.ANF-Code-Test";
				PRODUCT_NAME = "$(TARGET_NAME)";
				PROVISIONING_PROFILE_SPECIFIER = "";
				SWIFT_VERSION = 5.0;
				TARGETED_DEVICE_FAMILY = 1;
			};
			name = Debug;
		};
		3E727EFB2672708B006C11AC /* Release */ = {
			isa = XCBuildConfiguration;
			baseConfigurationReference = B588C75AA7EEE2281B02DE55 /* Pods-ANF Code Test.release.xcconfig */;
			buildSettings = {
				ASSETCATALOG_COMPILER_APPICON_NAME = AppIcon;
				ASSETCATALOG_COMPILER_GLOBAL_ACCENT_COLOR_NAME = AccentColor;
				CODE_SIGN_IDENTITY = "Apple Development";
				CODE_SIGN_STYLE = Automatic;
				DEVELOPMENT_TEAM = RAHE33U4ZS;
				INFOPLIST_FILE = "ANF Code Test/Info.plist";
				LD_RUNPATH_SEARCH_PATHS = (
					"$(inherited)",
					"@executable_path/Frameworks",
				);
				PRODUCT_BUNDLE_IDENTIFIER = "com.abercrombie.ANF-Code-Test";
				PRODUCT_NAME = "$(TARGET_NAME)";
				PROVISIONING_PROFILE_SPECIFIER = "";
				SWIFT_VERSION = 5.0;
				TARGETED_DEVICE_FAMILY = 1;
			};
			name = Release;
		};
		3E727EFD2672708B006C11AC /* Debug */ = {
			isa = XCBuildConfiguration;
			baseConfigurationReference = 5D46FC5681A0A0DC86769002 /* Pods-ANF Code TestTests.debug.xcconfig */;
			buildSettings = {
				ALWAYS_EMBED_SWIFT_STANDARD_LIBRARIES = YES;
				BUNDLE_LOADER = "$(TEST_HOST)";
				"CODE_SIGN_IDENTITY[sdk=macosx*]" = "-";
				CODE_SIGN_STYLE = Automatic;
				INFOPLIST_FILE = "ANF Code TestTests/Info.plist";
				IPHONEOS_DEPLOYMENT_TARGET = 14.5;
				LD_RUNPATH_SEARCH_PATHS = (
					"$(inherited)",
					"@executable_path/Frameworks",
					"@loader_path/Frameworks",
				);
				PRODUCT_BUNDLE_IDENTIFIER = "com.abercrombie.ANF-Code-TestTests";
				PRODUCT_NAME = "$(TARGET_NAME)";
				SWIFT_VERSION = 5.0;
				TARGETED_DEVICE_FAMILY = "1,2";
				TEST_HOST = "$(BUILT_PRODUCTS_DIR)/ANF Code Test.app/ANF Code Test";
			};
			name = Debug;
		};
		3E727EFE2672708B006C11AC /* Release */ = {
			isa = XCBuildConfiguration;
			baseConfigurationReference = E10250A4EF82E086FB7ADB7A /* Pods-ANF Code TestTests.release.xcconfig */;
			buildSettings = {
				ALWAYS_EMBED_SWIFT_STANDARD_LIBRARIES = YES;
				BUNDLE_LOADER = "$(TEST_HOST)";
				"CODE_SIGN_IDENTITY[sdk=macosx*]" = "-";
				CODE_SIGN_STYLE = Automatic;
				INFOPLIST_FILE = "ANF Code TestTests/Info.plist";
				IPHONEOS_DEPLOYMENT_TARGET = 14.5;
				LD_RUNPATH_SEARCH_PATHS = (
					"$(inherited)",
					"@executable_path/Frameworks",
					"@loader_path/Frameworks",
				);
				PRODUCT_BUNDLE_IDENTIFIER = "com.abercrombie.ANF-Code-TestTests";
				PRODUCT_NAME = "$(TARGET_NAME)";
				SWIFT_VERSION = 5.0;
				TARGETED_DEVICE_FAMILY = "1,2";
				TEST_HOST = "$(BUILT_PRODUCTS_DIR)/ANF Code Test.app/ANF Code Test";
			};
			name = Release;
		};
/* End XCBuildConfiguration section */

/* Begin XCConfigurationList section */
		3E727ECA26727088006C11AC /* Build configuration list for PBXProject "ANF Code Test" */ = {
			isa = XCConfigurationList;
			buildConfigurations = (
				3E727EF72672708B006C11AC /* Debug */,
				3E727EF82672708B006C11AC /* Release */,
			);
			defaultConfigurationIsVisible = 0;
			defaultConfigurationName = Release;
		};
		3E727EF92672708B006C11AC /* Build configuration list for PBXNativeTarget "ANF Code Test" */ = {
			isa = XCConfigurationList;
			buildConfigurations = (
				3E727EFA2672708B006C11AC /* Debug */,
				3E727EFB2672708B006C11AC /* Release */,
			);
			defaultConfigurationIsVisible = 0;
			defaultConfigurationName = Release;
		};
		3E727EFC2672708B006C11AC /* Build configuration list for PBXNativeTarget "ANF Code TestTests" */ = {
			isa = XCConfigurationList;
			buildConfigurations = (
				3E727EFD2672708B006C11AC /* Debug */,
				3E727EFE2672708B006C11AC /* Release */,
			);
			defaultConfigurationIsVisible = 0;
			defaultConfigurationName = Release;
		};
/* End XCConfigurationList section */
	};
	rootObject = 3E727EC726727088006C11AC /* Project object */;
}
